
Microsoft Visual Studio Solution File, Format Version 12.00
# Visual Studio 2013
VisualStudioVersion = 12.0.21005.1
MinimumVisualStudioVersion = 10.0.40219.1
Project("{8BC9CEB8-8B4A-11D0-8D11-00A0C91BC942}") = "DZ_05.04.15_3", "DZ_05.04.15_3\DZ_05.04.15_3.vcxproj", "{BD7FDF3E-333F-4A28-A131-A1DE49FC6BAC}"
EndProject
Global
	GlobalSection(SolutionConfigurationPlatforms) = preSolution
		Debug|Win32 = Debug|Win32
		Release|Win32 = Release|Win32
	EndGlobalSection
	GlobalSection(ProjectConfigurationPlatforms) = postSolution
		{BD7FDF3E-333F-4A28-A131-A1DE49FC6BAC}.Debug|Win32.ActiveCfg = Debug|Win32
		{BD7FDF3E-333F-4A28-A131-A1DE49FC6BAC}.Debug|Win32.Build.0 = Debug|Win32
		{BD7FDF3E-333F-4A28-A131-A1DE49FC6BAC}.Release|Win32.ActiveCfg = Release|Win32
		{BD7FDF3E-333F-4A28-A131-A1DE49FC6BAC}.Release|Win32.Build.0 = Release|Win32
	EndGlobalSection
	GlobalSection(SolutionProperties) = preSolution
		HideSolutionNode = FALSE
	EndGlobalSection
EndGlobal
